
Microsoft Visual Studio Solution File, Format Version 12.00
# Visual Studio Version 17
VisualStudioVersion = 17.0.31903.59
MinimumVisualStudioVersion = 10.0.40219.1
Project("{FAE04EC0-301F-11D3-BF4B-00C04F79EFBC}") = "UniDesk", "UniDesk\UniDesk.csproj", "{2F51FA6F-F346-4C33-A04B-6887544B0135}"
EndProject
Project("{FAE04EC0-301F-11D3-BF4B-00C04F79EFBC}") = "UniDesk.Tests", "UniDesk.Tests\UniDesk.Tests.csproj", "{4B2383DD-9B6B-40C0-BB42-35F31693E0D1}"
EndProject
Project("{FAE04EC0-301F-11D3-BF4B-00C04F79EFBC}") = "UniDesk.Hardware.Contracts", "UniDesk.Hardware.Contracts\UniDesk.Hardware.Contracts.csproj", "{E09B8232-7EBA-4B06-9C8A-7F2DC3193D83}"
EndProject
Project("{FAE04EC0-301F-11D3-BF4B-00C04F79EFBC}") = "UniDesk.HardwareService", "UniDesk.HardwareService\UniDesk.HardwareService.csproj", "{721FC97F-C9C2-43D7-A956-2DCE5F610D9A}"
EndProject
Project("{FAE04EC0-301F-11D3-BF4B-00C04F79EFBC}") = "UniDesk.HardwareRepair", "UniDesk.HardwareRepair\UniDesk.HardwareRepair.csproj", "{A8AC6D80-5147-4C7E-B0D7-9EE0DE588531}"
EndProject
Global
	GlobalSection(SolutionConfigurationPlatforms) = preSolution
		Debug|Any CPU = Debug|Any CPU
		Debug|x64 = Debug|x64
		Debug|x86 = Debug|x86
		Release|Any CPU = Release|Any CPU
		Release|x64 = Release|x64
		Release|x86 = Release|x86
	EndGlobalSection
	GlobalSection(ProjectConfigurationPlatforms) = postSolution
		{2F51FA6F-F346-4C33-A04B-6887544B0135}.Debug|Any CPU.ActiveCfg = Debug|Any CPU
		{2F51FA6F-F346-4C33-A04B-6887544B0135}.Debug|Any CPU.Build.0 = Debug|Any CPU
		{2F51FA6F-F346-4C33-A04B-6887544B0135}.Debug|x64.ActiveCfg = Debug|Any CPU
		{2F51FA6F-F346-4C33-A04B-6887544B0135}.Debug|x64.Build.0 = Debug|Any CPU
		{2F51FA6F-F346-4C33-A04B-6887544B0135}.Debug|x86.ActiveCfg = Debug|Any CPU
		{2F51FA6F-F346-4C33-A04B-6887544B0135}.Debug|x86.Build.0 = Debug|Any CPU
		{2F51FA6F-F346-4C33-A04B-6887544B0135}.Release|Any CPU.ActiveCfg = Release|Any CPU
		{2F51FA6F-F346-4C33-A04B-6887544B0135}.Release|Any CPU.Build.0 = Release|Any CPU
		{2F51FA6F-F346-4C33-A04B-6887544B0135}.Release|x64.ActiveCfg = Release|Any CPU
		{2F51FA6F-F346-4C33-A04B-6887544B0135}.Release|x64.Build.0 = Release|Any CPU
		{2F51FA6F-F346-4C33-A04B-6887544B0135}.Release|x86.ActiveCfg = Release|Any CPU
		{2F51FA6F-F346-4C33-A04B-6887544B0135}.Release|x86.Build.0 = Release|Any CPU
		{4B2383DD-9B6B-40C0-BB42-35F31693E0D1}.Debug|Any CPU.ActiveCfg = Debug|Any CPU
		{4B2383DD-9B6B-40C0-BB42-35F31693E0D1}.Debug|Any CPU.Build.0 = Debug|Any CPU
		{4B2383DD-9B6B-40C0-BB42-35F31693E0D1}.Debug|x64.ActiveCfg = Debug|Any CPU
		{4B2383DD-9B6B-40C0-BB42-35F31693E0D1}.Debug|x64.Build.0 = Debug|Any CPU
		{4B2383DD-9B6B-40C0-BB42-35F31693E0D1}.Debug|x86.ActiveCfg = Debug|Any CPU
		{4B2383DD-9B6B-40C0-BB42-35F31693E0D1}.Debug|x86.Build.0 = Debug|Any CPU
		{4B2383DD-9B6B-40C0-BB42-35F31693E0D1}.Release|Any CPU.ActiveCfg = Release|Any CPU
		{4B2383DD-9B6B-40C0-BB42-35F31693E0D1}.Release|Any CPU.Build.0 = Release|Any CPU
		{4B2383DD-9B6B-40C0-BB42-35F31693E0D1}.Release|x64.ActiveCfg = Release|Any CPU
		{4B2383DD-9B6B-40C0-BB42-35F31693E0D1}.Release|x64.Build.0 = Release|Any CPU
		{4B2383DD-9B6B-40C0-BB42-35F31693E0D1}.Release|x86.ActiveCfg = Release|Any CPU
		{4B2383DD-9B6B-40C0-BB42-35F31693E0D1}.Release|x86.Build.0 = Release|Any CPU
		{E09B8232-7EBA-4B06-9C8A-7F2DC3193D83}.Debug|Any CPU.ActiveCfg = Debug|Any CPU
		{E09B8232-7EBA-4B06-9C8A-7F2DC3193D83}.Debug|Any CPU.Build.0 = Debug|Any CPU
		{E09B8232-7EBA-4B06-9C8A-7F2DC3193D83}.Debug|x64.ActiveCfg = Debug|Any CPU
		{E09B8232-7EBA-4B06-9C8A-7F2DC3193D83}.Debug|x64.Build.0 = Debug|Any CPU
		{E09B8232-7EBA-4B06-9C8A-7F2DC3193D83}.Debug|x86.ActiveCfg = Debug|Any CPU
		{E09B8232-7EBA-4B06-9C8A-7F2DC3193D83}.Debug|x86.Build.0 = Debug|Any CPU
		{E09B8232-7EBA-4B06-9C8A-7F2DC3193D83}.Release|Any CPU.ActiveCfg = Release|Any CPU
		{E09B8232-7EBA-4B06-9C8A-7F2DC3193D83}.Release|Any CPU.Build.0 = Release|Any CPU
		{E09B8232-7EBA-4B06-9C8A-7F2DC3193D83}.Release|x64.ActiveCfg = Release|Any CPU
		{E09B8232-7EBA-4B06-9C8A-7F2DC3193D83}.Release|x64.Build.0 = Release|Any CPU
		{E09B8232-7EBA-4B06-9C8A-7F2DC3193D83}.Release|x86.ActiveCfg = Release|Any CPU
		{E09B8232-7EBA-4B06-9C8A-7F2DC3193D83}.Release|x86.Build.0 = Release|Any CPU
		{721FC97F-C9C2-43D7-A956-2DCE5F610D9A}.Debug|Any CPU.ActiveCfg = Debug|Any CPU
		{721FC97F-C9C2-43D7-A956-2DCE5F610D9A}.Debug|Any CPU.Build.0 = Debug|Any CPU
		{721FC97F-C9C2-43D7-A956-2DCE5F610D9A}.Debug|x64.ActiveCfg = Debug|Any CPU
		{721FC97F-C9C2-43D7-A956-2DCE5F610D9A}.Debug|x64.Build.0 = Debug|Any CPU
		{721FC97F-C9C2-43D7-A956-2DCE5F610D9A}.Debug|x86.ActiveCfg = Debug|Any CPU
		{721FC97F-C9C2-43D7-A956-2DCE5F610D9A}.Debug|x86.Build.0 = Debug|Any CPU
		{721FC97F-C9C2-43D7-A956-2DCE5F610D9A}.Release|Any CPU.ActiveCfg = Release|Any CPU
		{721FC97F-C9C2-43D7-A956-2DCE5F610D9A}.Release|Any CPU.Build.0 = Release|Any CPU
		{721FC97F-C9C2-43D7-A956-2DCE5F610D9A}.Release|x64.ActiveCfg = Release|Any CPU
		{721FC97F-C9C2-43D7-A956-2DCE5F610D9A}.Release|x64.Build.0 = Release|Any CPU
		{721FC97F-C9C2-43D7-A956-2DCE5F610D9A}.Release|x86.ActiveCfg = Release|Any CPU
		{721FC97F-C9C2-43D7-A956-2DCE5F610D9A}.Release|x86.Build.0 = Release|Any CPU
		{A8AC6D80-5147-4C7E-B0D7-9EE0DE588531}.Debug|Any CPU.ActiveCfg = Debug|Any CPU
		{A8AC6D80-5147-4C7E-B0D7-9EE0DE588531}.Debug|Any CPU.Build.0 = Debug|Any CPU
		{A8AC6D80-5147-4C7E-B0D7-9EE0DE588531}.Debug|x64.ActiveCfg = Debug|Any CPU
		{A8AC6D80-5147-4C7E-B0D7-9EE0DE588531}.Debug|x64.Build.0 = Debug|Any CPU
		{A8AC6D80-5147-4C7E-B0D7-9EE0DE588531}.Debug|x86.ActiveCfg = Debug|Any CPU
		{A8AC6D80-5147-4C7E-B0D7-9EE0DE588531}.Debug|x86.Build.0 = Debug|Any CPU
		{A8AC6D80-5147-4C7E-B0D7-9EE0DE588531}.Release|Any CPU.ActiveCfg = Release|Any CPU
		{A8AC6D80-5147-4C7E-B0D7-9EE0DE588531}.Release|Any CPU.Build.0 = Release|Any CPU
		{A8AC6D80-5147-4C7E-B0D7-9EE0DE588531}.Release|x64.ActiveCfg = Release|Any CPU
		{A8AC6D80-5147-4C7E-B0D7-9EE0DE588531}.Release|x64.Build.0 = Release|Any CPU
		{A8AC6D80-5147-4C7E-B0D7-9EE0DE588531}.Release|x86.ActiveCfg = Release|Any CPU
		{A8AC6D80-5147-4C7E-B0D7-9EE0DE588531}.Release|x86.Build.0 = Release|Any CPU
	EndGlobalSection
	GlobalSection(SolutionProperties) = preSolution
		HideSolutionNode = FALSE
	EndGlobalSection
EndGlobal
